
Microsoft Visual Studio Solution File, Format Version 12.00
# Visual Studio Version 17
VisualStudioVersion = 17.0.32112.339
MinimumVisualStudioVersion = 10.0.40219.1
Project("{FAE04EC0-301F-11D3-BF4B-00C04F79EFBC}") = "csharp-workshop", "csharp-workshop\csharp-workshop.csproj", "{6F492242-8005-420B-81DF-680E7D311432}"
EndProject
Project("{FAE04EC0-301F-11D3-BF4B-00C04F79EFBC}") = "chapter01", "chapter01\chapter01.csproj", "{2ADF26DB-2B47-459B-B43A-9B64F8AEFEEF}"
EndProject
Project("{2150E333-8FDC-42A3-9474-1A3956D46DE8}") = "Solution Items", "Solution Items", "{B3587AFA-E7BE-42F6-B374-BF289F098100}"
	ProjectSection(SolutionItems) = preProject
		.editorconfig = .editorconfig
	EndProjectSection
EndProject
Global
	GlobalSection(SolutionConfigurationPlatforms) = preSolution
		Debug|Any CPU = Debug|Any CPU
		Release|Any CPU = Release|Any CPU
	EndGlobalSection
	GlobalSection(ProjectConfigurationPlatforms) = postSolution
		{6F492242-8005-420B-81DF-680E7D311432}.Debug|Any CPU.ActiveCfg = Debug|Any CPU
		{6F492242-8005-420B-81DF-680E7D311432}.Debug|Any CPU.Build.0 = Debug|Any CPU
		{6F492242-8005-420B-81DF-680E7D311432}.Release|Any CPU.ActiveCfg = Release|Any CPU
		{6F492242-8005-420B-81DF-680E7D311432}.Release|Any CPU.Build.0 = Release|Any CPU
		{2ADF26DB-2B47-459B-B43A-9B64F8AEFEEF}.Debug|Any CPU.ActiveCfg = Debug|Any CPU
		{2ADF26DB-2B47-459B-B43A-9B64F8AEFEEF}.Debug|Any CPU.Build.0 = Debug|Any CPU
		{2ADF26DB-2B47-459B-B43A-9B64F8AEFEEF}.Release|Any CPU.ActiveCfg = Release|Any CPU
		{2ADF26DB-2B47-459B-B43A-9B64F8AEFEEF}.Release|Any CPU.Build.0 = Release|Any CPU
	EndGlobalSection
	GlobalSection(SolutionProperties) = preSolution
		HideSolutionNode = FALSE
	EndGlobalSection
	GlobalSection(ExtensibilityGlobals) = postSolution
		SolutionGuid = {CAEB818C-5647-4236-8043-E87DC650B0C1}
	EndGlobalSection
EndGlobal
